
Microsoft Visual Studio Solution File, Format Version 12.00
# Visual Studio Version 17
VisualStudioVersion = 17.11.35222.181
MinimumVisualStudioVersion = 10.0.40219.1
Project("{FAE04EC0-301F-11D3-BF4B-00C04F79EFBC}") = "EmployeeRecordSystem", "EmployeeRecordSystem\EmployeeRecordSystem.csproj", "{803EBF27-3E6D-4331-A0DA-23487B84239B}"
EndProject
Global
	GlobalSection(SolutionConfigurationPlatforms) = preSolution
		Debug|Any CPU = Debug|Any CPU
		Release|Any CPU = Release|Any CPU
	EndGlobalSection
	GlobalSection(ProjectConfigurationPlatforms) = postSolution
		{803EBF27-3E6D-4331-A0DA-23487B84239B}.Debug|Any CPU.ActiveCfg = Debug|Any CPU
		{803EBF27-3E6D-4331-A0DA-23487B84239B}.Debug|Any CPU.Build.0 = Debug|Any CPU
		{803EBF27-3E6D-4331-A0DA-23487B84239B}.Release|Any CPU.ActiveCfg = Release|Any CPU
		{803EBF27-3E6D-4331-A0DA-23487B84239B}.Release|Any CPU.Build.0 = Release|Any CPU
	EndGlobalSection
	GlobalSection(SolutionProperties) = preSolution
		HideSolutionNode = FALSE
	EndGlobalSection
	GlobalSection(ExtensibilityGlobals) = postSolution
		SolutionGuid = {DDBDA60F-C9F0-4A6C-8614-67E8356B389B}
	EndGlobalSection
EndGlobal
